
Microsoft Visual Studio Solution File, Format Version 12.00
# Visual Studio Version 17
VisualStudioVersion = 17.9.34607.119
MinimumVisualStudioVersion = 10.0.40219.1
Project("{FAE04EC0-301F-11D3-BF4B-00C04F79EFBC}") = "Ejercicio7_Strings_Prog", "Ejercicio7_Strings_Prog\Ejercicio7_Strings_Prog.csproj", "{3CD511B7-1048-4286-A563-1ADAF7E29A8E}"
EndProject
Global
	GlobalSection(SolutionConfigurationPlatforms) = preSolution
		Debug|Any CPU = Debug|Any CPU
		Release|Any CPU = Release|Any CPU
	EndGlobalSection
	GlobalSection(ProjectConfigurationPlatforms) = postSolution
		{3CD511B7-1048-4286-A563-1ADAF7E29A8E}.Debug|Any CPU.ActiveCfg = Debug|Any CPU
		{3CD511B7-1048-4286-A563-1ADAF7E29A8E}.Debug|Any CPU.Build.0 = Debug|Any CPU
		{3CD511B7-1048-4286-A563-1ADAF7E29A8E}.Release|Any CPU.ActiveCfg = Release|Any CPU
		{3CD511B7-1048-4286-A563-1ADAF7E29A8E}.Release|Any CPU.Build.0 = Release|Any CPU
	EndGlobalSection
	GlobalSection(SolutionProperties) = preSolution
		HideSolutionNode = FALSE
	EndGlobalSection
	GlobalSection(ExtensibilityGlobals) = postSolution
		SolutionGuid = {325EB861-1590-4A8B-8777-F606DCCF5B84}
	EndGlobalSection
EndGlobal
